
Microsoft Visual Studio Solution File, Format Version 12.00
# Visual Studio Version 17
VisualStudioVersion = 17.8.34511.84
MinimumVisualStudioVersion = 10.0.40219.1
Project("{8BC9CEB8-8B4A-11D0-8D11-00A0C91BC942}") = "과제1", "과제1\과제1.vcxproj", "{24ED22D6-49CF-411D-82FE-88D232EC7F67}"
EndProject
Global
	GlobalSection(SolutionConfigurationPlatforms) = preSolution
		Debug|x64 = Debug|x64
		Debug|x86 = Debug|x86
		Release|x64 = Release|x64
		Release|x86 = Release|x86
	EndGlobalSection
	GlobalSection(ProjectConfigurationPlatforms) = postSolution
		{24ED22D6-49CF-411D-82FE-88D232EC7F67}.Debug|x64.ActiveCfg = Debug|x64
		{24ED22D6-49CF-411D-82FE-88D232EC7F67}.Debug|x64.Build.0 = Debug|x64
		{24ED22D6-49CF-411D-82FE-88D232EC7F67}.Debug|x86.ActiveCfg = Debug|Win32
		{24ED22D6-49CF-411D-82FE-88D232EC7F67}.Debug|x86.Build.0 = Debug|Win32
		{24ED22D6-49CF-411D-82FE-88D232EC7F67}.Release|x64.ActiveCfg = Release|x64
		{24ED22D6-49CF-411D-82FE-88D232EC7F67}.Release|x64.Build.0 = Release|x64
		{24ED22D6-49CF-411D-82FE-88D232EC7F67}.Release|x86.ActiveCfg = Release|Win32
		{24ED22D6-49CF-411D-82FE-88D232EC7F67}.Release|x86.Build.0 = Release|Win32
	EndGlobalSection
	GlobalSection(SolutionProperties) = preSolution
		HideSolutionNode = FALSE
	EndGlobalSection
	GlobalSection(ExtensibilityGlobals) = postSolution
		SolutionGuid = {F25EDE7E-92BA-420F-AA68-42192FAB3812}
	EndGlobalSection
EndGlobal
